
Microsoft Visual Studio Solution File, Format Version 12.00
# Visual Studio Version 17
VisualStudioVersion = 17.2.32616.157
MinimumVisualStudioVersion = 10.0.40219.1
Project("{9A19103F-16F7-4668-BE54-9A1E7A4F7556}") = "BlazorApp1.Server", "Server\BlazorApp1.Server.csproj", "{21038C30-9C29-4EA7-B548-48C330B96102}"
EndProject
Project("{9A19103F-16F7-4668-BE54-9A1E7A4F7556}") = "BlazorApp1.Client", "Client\BlazorApp1.Client.csproj", "{8249E192-852F-486F-B350-BBB6E5F38BC4}"
EndProject
Project("{9A19103F-16F7-4668-BE54-9A1E7A4F7556}") = "BlazorApp1.Shared", "Shared\BlazorApp1.Shared.csproj", "{CC55FA3E-A5E2-4393-BCC6-784CD4FF3F4C}"
EndProject
Global
	GlobalSection(SolutionConfigurationPlatforms) = preSolution
		Debug|Any CPU = Debug|Any CPU
		Release|Any CPU = Release|Any CPU
	EndGlobalSection
	GlobalSection(ProjectConfigurationPlatforms) = postSolution
		{21038C30-9C29-4EA7-B548-48C330B96102}.Debug|Any CPU.ActiveCfg = Debug|Any CPU
		{21038C30-9C29-4EA7-B548-48C330B96102}.Debug|Any CPU.Build.0 = Debug|Any CPU
		{21038C30-9C29-4EA7-B548-48C330B96102}.Release|Any CPU.ActiveCfg = Release|Any CPU
		{21038C30-9C29-4EA7-B548-48C330B96102}.Release|Any CPU.Build.0 = Release|Any CPU
		{8249E192-852F-486F-B350-BBB6E5F38BC4}.Debug|Any CPU.ActiveCfg = Debug|Any CPU
		{8249E192-852F-486F-B350-BBB6E5F38BC4}.Debug|Any CPU.Build.0 = Debug|Any CPU
		{8249E192-852F-486F-B350-BBB6E5F38BC4}.Release|Any CPU.ActiveCfg = Release|Any CPU
		{8249E192-852F-486F-B350-BBB6E5F38BC4}.Release|Any CPU.Build.0 = Release|Any CPU
		{CC55FA3E-A5E2-4393-BCC6-784CD4FF3F4C}.Debug|Any CPU.ActiveCfg = Debug|Any CPU
		{CC55FA3E-A5E2-4393-BCC6-784CD4FF3F4C}.Debug|Any CPU.Build.0 = Debug|Any CPU
		{CC55FA3E-A5E2-4393-BCC6-784CD4FF3F4C}.Release|Any CPU.ActiveCfg = Release|Any CPU
		{CC55FA3E-A5E2-4393-BCC6-784CD4FF3F4C}.Release|Any CPU.Build.0 = Release|Any CPU
	EndGlobalSection
	GlobalSection(SolutionProperties) = preSolution
		HideSolutionNode = FALSE
	EndGlobalSection
	GlobalSection(ExtensibilityGlobals) = postSolution
		SolutionGuid = {813322AD-A956-4520-9AF5-0D8116DAAB08}
	EndGlobalSection
EndGlobal
